
Microsoft Visual Studio Solution File, Format Version 12.00
# Visual Studio Version 17
VisualStudioVersion = 17.0.31710.8
MinimumVisualStudioVersion = 10.0.40219.1
Project("{9A19103F-16F7-4668-BE54-9A1E7A4F7556}") = "Wahren.FileLoader", "Wahren.FileLoader\Wahren.FileLoader.csproj", "{26C20AC6-7C86-4C2D-A8B3-04E06F4DA5B7}"
EndProject
Project("{9A19103F-16F7-4668-BE54-9A1E7A4F7556}") = "Wahren.Tests", "Wahren.FileLoader.Test\Wahren.Tests.csproj", "{C21E11DA-740A-459A-9272-B2C22AE8EEBA}"
EndProject
Project("{9A19103F-16F7-4668-BE54-9A1E7A4F7556}") = "Wahren.AbstractSyntaxTree", "Wahren.AbstractSyntaxTree\Wahren.AbstractSyntaxTree.csproj", "{DA80436B-0986-47F4-9C04-5EF822423665}"
	ProjectSection(ProjectDependencies) = postProject
		{26C20AC6-7C86-4C2D-A8B3-04E06F4DA5B7} = {26C20AC6-7C86-4C2D-A8B3-04E06F4DA5B7}
		{51EC60C8-02D8-4AF3-AC89-4E996BE922BA} = {51EC60C8-02D8-4AF3-AC89-4E996BE922BA}
	EndProjectSection
EndProject
Project("{9A19103F-16F7-4668-BE54-9A1E7A4F7556}") = "Wahren.AbstractSyntaxTree.TextTemplateHelper", "Wahren.AbstractSyntaxTree.TextTemplateHelper\Wahren.AbstractSyntaxTree.TextTemplateHelper.csproj", "{51EC60C8-02D8-4AF3-AC89-4E996BE922BA}"
EndProject
Project("{9A19103F-16F7-4668-BE54-9A1E7A4F7556}") = "Wahren.Compiler", "Wahren.Compiler\Wahren.Compiler.csproj", "{E6BFF5E7-60BB-4A98-BA54-6DF2CD62C981}"
EndProject
Project("{9A19103F-16F7-4668-BE54-9A1E7A4F7556}") = "Wahren.DebugPaper", "Wahren.DebugPaper\Wahren.DebugPaper.csproj", "{A3434EF6-2928-43A6-BA72-2C0577BF4843}"
EndProject
Project("{9A19103F-16F7-4668-BE54-9A1E7A4F7556}") = "Wahren.AbstractSyntaxTree.Basic", "Wahren.AbstractSyntaxTree.Basic\Wahren.AbstractSyntaxTree.Basic.csproj", "{09E18557-F116-41B3-B36B-C6E2CC76257E}"
EndProject
Project("{9A19103F-16F7-4668-BE54-9A1E7A4F7556}") = "Wahren.Map", "Wahren.Map\Wahren.Map.csproj", "{AAD137F4-B451-426F-AF98-9081E4028215}"
EndProject
Project("{2150E333-8FDC-42A3-9474-1A3956D46DE8}") = "Solution Items", "Solution Items", "{6750A6CC-B3D0-46B4-94D4-01B7A0812B5C}"
	ProjectSection(SolutionItems) = preProject
		.editorconfig = .editorconfig
	EndProjectSection
EndProject
Project("{9A19103F-16F7-4668-BE54-9A1E7A4F7556}") = "Wahren.AbstractSyntaxTree.Modifier", "Wahren.AbstractSyntaxTree.Modifier\Wahren.AbstractSyntaxTree.Modifier.csproj", "{864DCE89-3A1E-4B6F-BCCC-9F3C199C1076}"
EndProject
Project("{9A19103F-16F7-4668-BE54-9A1E7A4F7556}") = "Wahren.GraphicalEditor", "Wahren.GraphicalEditor\Wahren.GraphicalEditor.csproj", "{F601E4BF-CC87-4737-BB94-680A81D85927}"
EndProject
Project("{9A19103F-16F7-4668-BE54-9A1E7A4F7556}") = "Wahren.Imagedata", "Wahren.Imagedata\Wahren.Imagedata.csproj", "{AC905827-9D2D-4079-9048-86E084B7742C}"
EndProject
Project("{9A19103F-16F7-4668-BE54-9A1E7A4F7556}") = "Wahren.ArrayPoolCollections", "Wahren.ArrayPoolCollections\Wahren.ArrayPoolCollections.csproj", "{A8AB261B-A03C-42FD-961F-2DCDC5DF970A}"
EndProject
Global
	GlobalSection(SolutionConfigurationPlatforms) = preSolution
		Debug|Any CPU = Debug|Any CPU
		Release|Any CPU = Release|Any CPU
	EndGlobalSection
	GlobalSection(ProjectConfigurationPlatforms) = postSolution
		{26C20AC6-7C86-4C2D-A8B3-04E06F4DA5B7}.Debug|Any CPU.ActiveCfg = Debug|Any CPU
		{26C20AC6-7C86-4C2D-A8B3-04E06F4DA5B7}.Debug|Any CPU.Build.0 = Debug|Any CPU
		{26C20AC6-7C86-4C2D-A8B3-04E06F4DA5B7}.Release|Any CPU.ActiveCfg = Release|Any CPU
		{26C20AC6-7C86-4C2D-A8B3-04E06F4DA5B7}.Release|Any CPU.Build.0 = Release|Any CPU
		{C21E11DA-740A-459A-9272-B2C22AE8EEBA}.Debug|Any CPU.ActiveCfg = Debug|Any CPU
		{C21E11DA-740A-459A-9272-B2C22AE8EEBA}.Debug|Any CPU.Build.0 = Debug|Any CPU
		{C21E11DA-740A-459A-9272-B2C22AE8EEBA}.Release|Any CPU.ActiveCfg = Release|Any CPU
		{C21E11DA-740A-459A-9272-B2C22AE8EEBA}.Release|Any CPU.Build.0 = Release|Any CPU
		{DA80436B-0986-47F4-9C04-5EF822423665}.Debug|Any CPU.ActiveCfg = Debug|Any CPU
		{DA80436B-0986-47F4-9C04-5EF822423665}.Debug|Any CPU.Build.0 = Debug|Any CPU
		{DA80436B-0986-47F4-9C04-5EF822423665}.Release|Any CPU.ActiveCfg = Release|Any CPU
		{DA80436B-0986-47F4-9C04-5EF822423665}.Release|Any CPU.Build.0 = Release|Any CPU
		{51EC60C8-02D8-4AF3-AC89-4E996BE922BA}.Debug|Any CPU.ActiveCfg = Debug|Any CPU
		{51EC60C8-02D8-4AF3-AC89-4E996BE922BA}.Debug|Any CPU.Build.0 = Debug|Any CPU
		{51EC60C8-02D8-4AF3-AC89-4E996BE922BA}.Release|Any CPU.ActiveCfg = Release|Any CPU
		{51EC60C8-02D8-4AF3-AC89-4E996BE922BA}.Release|Any CPU.Build.0 = Release|Any CPU
		{E6BFF5E7-60BB-4A98-BA54-6DF2CD62C981}.Debug|Any CPU.ActiveCfg = Debug|Any CPU
		{E6BFF5E7-60BB-4A98-BA54-6DF2CD62C981}.Debug|Any CPU.Build.0 = Debug|Any CPU
		{E6BFF5E7-60BB-4A98-BA54-6DF2CD62C981}.Release|Any CPU.ActiveCfg = Release|Any CPU
		{E6BFF5E7-60BB-4A98-BA54-6DF2CD62C981}.Release|Any CPU.Build.0 = Release|Any CPU
		{A3434EF6-2928-43A6-BA72-2C0577BF4843}.Debug|Any CPU.ActiveCfg = Debug|Any CPU
		{A3434EF6-2928-43A6-BA72-2C0577BF4843}.Debug|Any CPU.Build.0 = Debug|Any CPU
		{A3434EF6-2928-43A6-BA72-2C0577BF4843}.Release|Any CPU.ActiveCfg = Release|Any CPU
		{A3434EF6-2928-43A6-BA72-2C0577BF4843}.Release|Any CPU.Build.0 = Release|Any CPU
		{09E18557-F116-41B3-B36B-C6E2CC76257E}.Debug|Any CPU.ActiveCfg = Debug|Any CPU
		{09E18557-F116-41B3-B36B-C6E2CC76257E}.Debug|Any CPU.Build.0 = Debug|Any CPU
		{09E18557-F116-41B3-B36B-C6E2CC76257E}.Release|Any CPU.ActiveCfg = Release|Any CPU
		{09E18557-F116-41B3-B36B-C6E2CC76257E}.Release|Any CPU.Build.0 = Release|Any CPU
		{AAD137F4-B451-426F-AF98-9081E4028215}.Debug|Any CPU.ActiveCfg = Debug|Any CPU
		{AAD137F4-B451-426F-AF98-9081E4028215}.Debug|Any CPU.Build.0 = Debug|Any CPU
		{AAD137F4-B451-426F-AF98-9081E4028215}.Release|Any CPU.ActiveCfg = Release|Any CPU
		{AAD137F4-B451-426F-AF98-9081E4028215}.Release|Any CPU.Build.0 = Release|Any CPU
		{864DCE89-3A1E-4B6F-BCCC-9F3C199C1076}.Debug|Any CPU.ActiveCfg = Debug|Any CPU
		{864DCE89-3A1E-4B6F-BCCC-9F3C199C1076}.Debug|Any CPU.Build.0 = Debug|Any CPU
		{864DCE89-3A1E-4B6F-BCCC-9F3C199C1076}.Release|Any CPU.ActiveCfg = Release|Any CPU
		{864DCE89-3A1E-4B6F-BCCC-9F3C199C1076}.Release|Any CPU.Build.0 = Release|Any CPU
		{F601E4BF-CC87-4737-BB94-680A81D85927}.Debug|Any CPU.ActiveCfg = Debug|Any CPU
		{F601E4BF-CC87-4737-BB94-680A81D85927}.Debug|Any CPU.Build.0 = Debug|Any CPU
		{F601E4BF-CC87-4737-BB94-680A81D85927}.Release|Any CPU.ActiveCfg = Release|Any CPU
		{F601E4BF-CC87-4737-BB94-680A81D85927}.Release|Any CPU.Build.0 = Release|Any CPU
		{AC905827-9D2D-4079-9048-86E084B7742C}.Debug|Any CPU.ActiveCfg = Debug|Any CPU
		{AC905827-9D2D-4079-9048-86E084B7742C}.Debug|Any CPU.Build.0 = Debug|Any CPU
		{AC905827-9D2D-4079-9048-86E084B7742C}.Release|Any CPU.ActiveCfg = Release|Any CPU
		{AC905827-9D2D-4079-9048-86E084B7742C}.Release|Any CPU.Build.0 = Release|Any CPU
		{A8AB261B-A03C-42FD-961F-2DCDC5DF970A}.Debug|Any CPU.ActiveCfg = Debug|Any CPU
		{A8AB261B-A03C-42FD-961F-2DCDC5DF970A}.Debug|Any CPU.Build.0 = Debug|Any CPU
		{A8AB261B-A03C-42FD-961F-2DCDC5DF970A}.Release|Any CPU.ActiveCfg = Release|Any CPU
		{A8AB261B-A03C-42FD-961F-2DCDC5DF970A}.Release|Any CPU.Build.0 = Release|Any CPU
	EndGlobalSection
	GlobalSection(SolutionProperties) = preSolution
		HideSolutionNode = FALSE
	EndGlobalSection
	GlobalSection(ExtensibilityGlobals) = postSolution
		SolutionGuid = {2CBF96A3-B035-4CFC-926E-7861F533B562}
	EndGlobalSection
EndGlobal
